{
  "nodes": {
    "cmake-utils": {
      "inputs": {
        "flake-utils": [
          "flake-utils"
        ],
        "nixpkgs": [
          "nixpkgs"
        ]
      },
      "locked": {
        "lastModified": 1733826552,
        "narHash": "sha256-A+wd21QaeVZf4R/MkL52tnF4tUqAqaeEVytWEf2RZuk=",
        "owner": "conformism",
        "repo": "cmake-utils",
        "rev": "5d9ae4e7ec85050bfcb798c6d2bc98a1ecf04e58",
        "type": "github"
      },
      "original": {
        "owner": "conformism",
        "repo": "cmake-utils",
        "type": "github"
      }
    },
    "flake-utils": {
      "inputs": {
        "systems": "systems"
      },
      "locked": {
        "lastModified": 1731533236,
        "narHash": "sha256-l0KFg5HjrsfsO/JpG+r7fRrqm12kzFHyUHqHCVpMMbI=",
        "owner": "numtide",
        "repo": "flake-utils",
        "rev": "11707dc2f618dd54ca8739b309ec4fc024de578b",
        "type": "github"
      },
      "original": {
        "owner": "numtide",
        "repo": "flake-utils",
        "type": "github"
      }
    },
    "nix-filter": {
      "locked": {
        "lastModified": 1731533336,
        "narHash": "sha256-oRam5PS1vcrr5UPgALW0eo1m/5/pls27Z/pabHNy2Ms=",
        "owner": "numtide",
        "repo": "nix-filter",
        "rev": "f7653272fd234696ae94229839a99b73c9ab7de0",
        "type": "github"
      },
      "original": {
        "owner": "numtide",
        "repo": "nix-filter",
        "type": "github"
      }
    },
    "nixGL": {
      "inputs": {
        "flake-utils": [
          "flake-utils"
        ],
        "nixpkgs": [
          "nixpkgs"
        ]
      },
      "locked": {
        "lastModified": 1752054764,
        "narHash": "sha256-Ob/HuUhANoDs+nvYqyTKrkcPXf4ZgXoqMTQoCK0RFgQ=",
        "owner": "nix-community",
        "repo": "nixGL",
        "rev": "a8e1ce7d49a149ed70df676785b07f63288f53c5",
        "type": "github"
      },
      "original": {
        "owner": "nix-community",
        "repo": "nixGL",
        "type": "github"
      }
    },
    "nixpkgs": {
      "locked": {
        "lastModified": 1754990257,
        "narHash": "sha256-u7ubvtxdTnFPpV27AHpgoKn7qHuE7sgWgza/1oj5nzA=",
        "owner": "NixOS",
        "repo": "nixpkgs",
        "rev": "7a732ed41ca0dd64b4b71b563ab9805a80a7d693",
        "type": "github"
      },
      "original": {
        "owner": "NixOS",
        "repo": "nixpkgs",
        "type": "github"
      }
    },
    "nixpkgs-mingw": {
      "locked": {
        "lastModified": 1714253743,
        "narHash": "sha256-mdTQw2XlariysyScCv2tTE45QSU9v/ezLcHJ22f0Nxc=",
        "owner": "NixOS",
        "repo": "nixpkgs",
        "rev": "58a1abdbae3217ca6b702f03d3b35125d88a2994",
        "type": "github"
      },
      "original": {
        "owner": "NixOS",
        "repo": "nixpkgs",
        "rev": "58a1abdbae3217ca6b702f03d3b35125d88a2994",
        "type": "github"
      }
    },
    "root": {
      "inputs": {
        "cmake-utils": "cmake-utils",
        "flake-utils": "flake-utils",
        "nix-filter": "nix-filter",
        "nixGL": "nixGL",
        "nixpkgs": "nixpkgs",
        "nixpkgs-mingw": "nixpkgs-mingw"
      }
    },
    "systems": {
      "locked": {
        "lastModified": 1681028828,
        "narHash": "sha256-Vy1rq5AaRuLzOxct8nz4T6wlgyUR7zLU309k9mBC768=",
        "owner": "nix-systems",
        "repo": "default",
        "rev": "da67096a3b9bf56a91d16901293e51ba5b49a27e",
        "type": "github"
      },
      "original": {
        "owner": "nix-systems",
        "repo": "default",
        "type": "github"
      }
    }
  },
  "root": "root",
  "version": 7
}
